
Microsoft Visual Studio Solution File, Format Version 12.00
# Visual Studio Version 17
VisualStudioVersion = 17.0.31903.59
MinimumVisualStudioVersion = 10.0.40219.1
Project("{9A19103F-16F7-4668-BE54-9A1E7A4F7556}") = "MvcVueTemplate.Server", "src\server\MvcVueTemplate.Server\MvcVueTemplate.Server.csproj", "{AF2C35DC-641D-447A-8708-FFDB05E544A6}"
EndProject
Project("{9A19103F-16F7-4668-BE54-9A1E7A4F7556}") = "MvcVueTemplate.Tests", "test\MvcVueTemplate.Tests\MvcVueTemplate.Tests.csproj", "{9487E87F-8FC2-4E83-AFCC-844AF0AC8798}"
EndProject
Global
	GlobalSection(SolutionConfigurationPlatforms) = preSolution
		Debug|Any CPU = Debug|Any CPU
		Release|Any CPU = Release|Any CPU
	EndGlobalSection
	GlobalSection(ProjectConfigurationPlatforms) = postSolution
		{AF2C35DC-641D-447A-8708-FFDB05E544A6}.Debug|Any CPU.ActiveCfg = Debug|Any CPU
		{AF2C35DC-641D-447A-8708-FFDB05E544A6}.Debug|Any CPU.Build.0 = Debug|Any CPU
		{AF2C35DC-641D-447A-8708-FFDB05E544A6}.Release|Any CPU.ActiveCfg = Release|Any CPU
		{AF2C35DC-641D-447A-8708-FFDB05E544A6}.Release|Any CPU.Build.0 = Release|Any CPU
		{9487E87F-8FC2-4E83-AFCC-844AF0AC8798}.Debug|Any CPU.ActiveCfg = Debug|Any CPU
		{9487E87F-8FC2-4E83-AFCC-844AF0AC8798}.Debug|Any CPU.Build.0 = Debug|Any CPU
		{9487E87F-8FC2-4E83-AFCC-844AF0AC8798}.Release|Any CPU.ActiveCfg = Release|Any CPU
		{9487E87F-8FC2-4E83-AFCC-844AF0AC8798}.Release|Any CPU.Build.0 = Release|Any CPU
	EndGlobalSection
	GlobalSection(SolutionProperties) = preSolution
		HideSolutionNode = FALSE
	EndGlobalSection
	GlobalSection(ExtensibilityGlobals) = postSolution
		SolutionGuid = {EC72E173-3807-4DFA-98FD-164F5C353126}
	EndGlobalSection
EndGlobal
